// !$*UTF8*$!
{
	archiveVersion = 1;
	classes = {
	};
	objectVersion = 48;
	objects = {

/* Begin PBXBuildFile section */
		011508181F3AA15000BD49A2 /* AppDelegate.swift in Sources */ = {isa = PBXBuildFile; fileRef = 011508171F3AA15000BD49A2 /* AppDelegate.swift */; };
		0115081A1F3AA15000BD49A2 /* ViewController.swift in Sources */ = {isa = PBXBuildFile; fileRef = 011508191F3AA15000BD49A2 /* ViewController.swift */; };
		0115081D1F3AA15000BD49A2 /* Main.storyboard in Resources */ = {isa = PBXBuildFile; fileRef = 0115081B1F3AA15000BD49A2 /* Main.storyboard */; };
		0115081F1F3AA15000BD49A2 /* Assets.xcassets in Resources */ = {isa = PBXBuildFile; fileRef = 0115081E1F3AA15000BD49A2 /* Assets.xcassets */; };
		011508221F3AA15000BD49A2 /* LaunchScreen.storyboard in Resources */ = {isa = PBXBuildFile; fileRef = 011508201F3AA15000BD49A2 /* LaunchScreen.storyboard */; };
		011508491F3ADEB300BD49A2 /* ListTableViewCell.swift in Sources */ = {isa = PBXBuildFile; fileRef = 011508471F3ADEB300BD49A2 /* ListTableViewCell.swift */; };
		0115084A1F3ADEB300BD49A2 /* ListTableViewCell.xib in Resources */ = {isa = PBXBuildFile; fileRef = 011508481F3ADEB300BD49A2 /* ListTableViewCell.xib */; };
		0115084C1F3AE15100BD49A2 /* ListTableViewController.swift in Sources */ = {isa = PBXBuildFile; fileRef = 0115084B1F3AE15100BD49A2 /* ListTableViewController.swift */; };
		0115084E1F3AE16600BD49A2 /* addViewController.swift in Sources */ = {isa = PBXBuildFile; fileRef = 0115084D1F3AE16600BD49A2 /* addViewController.swift */; };
		01181467206CC0F300D69AA6 /* icon.png in Resources */ = {isa = PBXBuildFile; fileRef = 01181466206CC0F300D69AA6 /* icon.png */; };
		016C41521F49661D00A3C711 /* List2TableViewController.swift in Sources */ = {isa = PBXBuildFile; fileRef = 016C41511F49661D00A3C711 /* List2TableViewController.swift */; };
		01A0747B1F51409700640ED2 /* View2Controller.swift in Sources */ = {isa = PBXBuildFile; fileRef = 01A0747A1F51409700640ED2 /* View2Controller.swift */; };
		01A68EAD1F495FAC007A994F /* ListTableViewCell2.swift in Sources */ = {isa = PBXBuildFile; fileRef = 01A68EAB1F495FAC007A994F /* ListTableViewCell2.swift */; };
		01A68EAE1F495FAC007A994F /* ListTableViewCell2.xib in Resources */ = {isa = PBXBuildFile; fileRef = 01A68EAC1F495FAC007A994F /* ListTableViewCell2.xib */; };
/* End PBXBuildFile section */

/* Begin PBXContainerItemProxy section */
		011508291F3AA15000BD49A2 /* PBXContainerItemProxy */ = {
			isa = PBXContainerItemProxy;
			containerPortal = 0115080C1F3AA15000BD49A2 /* Project object */;
			proxyType = 1;
			remoteGlobalIDString = 011508131F3AA15000BD49A2;
			remoteInfo = medicinecounter;
		};
		011508341F3AA15000BD49A2 /* PBXContainerItemProxy */ = {
			isa = PBXContainerItemProxy;
			containerPortal = 0115080C1F3AA15000BD49A2 /* Project object */;
			proxyType = 1;
			remoteGlobalIDString = 011508131F3AA15000BD49A2;
			remoteInfo = medicinecounter;
		};
/* End PBXContainerItemProxy section */

/* Begin PBXFileReference section */
		011508141F3AA15000BD49A2 /* medicinecounter.app */ = {isa = PBXFileReference; explicitFileType = wrapper.application; includeInIndex = 0; path = medicinecounter.app; sourceTree = BUILT_PRODUCTS_DIR; };
		011508171F3AA15000BD49A2 /* AppDelegate.swift */ = {isa = PBXFileReference; lastKnownFileType = sourcecode.swift; path = AppDelegate.swift; sourceTree = "<group>"; };
		011508191F3AA15000BD49A2 /* ViewController.swift */ = {isa = PBXFileReference; lastKnownFileType = sourcecode.swift; path = ViewController.swift; sourceTree = "<group>"; };
		0115081C1F3AA15000BD49A2 /* Base */ = {isa = PBXFileReference; lastKnownFileType = file.storyboard; name = Base; path = Base.lproj/Main.storyboard; sourceTree = "<group>"; };
		0115081E1F3AA15000BD49A2 /* Assets.xcassets */ = {isa = PBXFileReference; lastKnownFileType = folder.assetcatalog; path = Assets.xcassets; sourceTree = "<group>"; };
		011508211F3AA15000BD49A2 /* Base */ = {isa = PBXFileReference; lastKnownFileType = file.storyboard; name = Base; path = Base.lproj/LaunchScreen.storyboard; sourceTree = "<group>"; };
		011508231F3AA15000BD49A2 /* Info.plist */ = {isa = PBXFileReference; lastKnownFileType = text.plist.xml; path = Info.plist; sourceTree = "<group>"; };
		011508281F3AA15000BD49A2 /* medicinecounterTests.xctest */ = {isa = PBXFileReference; explicitFileType = wrapper.cfbundle; includeInIndex = 0; path = medicinecounterTests.xctest; sourceTree = BUILT_PRODUCTS_DIR; };
		011508331F3AA15000BD49A2 /* medicinecounterUITests.xctest */ = {isa = PBXFileReference; explicitFileType = wrapper.cfbundle; includeInIndex = 0; path = medicinecounterUITests.xctest; sourceTree = BUILT_PRODUCTS_DIR; };
		011508471F3ADEB300BD49A2 /* ListTableViewCell.swift */ = {isa = PBXFileReference; fileEncoding = 4; lastKnownFileType = sourcecode.swift; name = ListTableViewCell.swift; path = ../ListTableViewCell.swift; sourceTree = "<group>"; };
		011508481F3ADEB300BD49A2 /* ListTableViewCell.xib */ = {isa = PBXFileReference; fileEncoding = 4; lastKnownFileType = file.xib; name = ListTableViewCell.xib; path = ../ListTableViewCell.xib; sourceTree = "<group>"; };
		0115084B1F3AE15100BD49A2 /* ListTableViewController.swift */ = {isa = PBXFileReference; fileEncoding = 4; lastKnownFileType = sourcecode.swift; path = ListTableViewController.swift; sourceTree = "<group>"; };
		0115084D1F3AE16600BD49A2 /* addViewController.swift */ = {isa = PBXFileReference; fileEncoding = 4; lastKnownFileType = sourcecode.swift; path = addViewController.swift; sourceTree = "<group>"; };
		01181466206CC0F300D69AA6 /* icon.png */ = {isa = PBXFileReference; lastKnownFileType = image.png; path = icon.png; sourceTree = "<group>"; };
		016C41511F49661D00A3C711 /* List2TableViewController.swift */ = {isa = PBXFileReference; fileEncoding = 4; lastKnownFileType = sourcecode.swift; path = List2TableViewController.swift; sourceTree = "<group>"; };
		01A0747A1F51409700640ED2 /* View2Controller.swift */ = {isa = PBXFileReference; fileEncoding = 4; lastKnownFileType = sourcecode.swift; path = View2Controller.swift; sourceTree = "<group>"; };
		01A68EAB1F495FAC007A994F /* ListTableViewCell2.swift */ = {isa = PBXFileReference; fileEncoding = 4; lastKnownFileType = sourcecode.swift; path = ListTableViewCell2.swift; sourceTree = "<group>"; };
		01A68EAC1F495FAC007A994F /* ListTableViewCell2.xib */ = {isa = PBXFileReference; fileEncoding = 4; lastKnownFileType = file.xib; path = ListTableViewCell2.xib; sourceTree = "<group>"; };
/* End PBXFileReference section */

/* Begin PBXFrameworksBuildPhase section */
		011508111F3AA15000BD49A2 /* Frameworks */ = {
			isa = PBXFrameworksBuildPhase;
			buildActionMask = 2147483647;
			files = (
			);
			runOnlyForDeploymentPostprocessing = 0;
		};
		011508251F3AA15000BD49A2 /* Frameworks */ = {
			isa = PBXFrameworksBuildPhase;
			buildActionMask = 2147483647;
			files = (
			);
			runOnlyForDeploymentPostprocessing = 0;
		};
		011508301F3AA15000BD49A2 /* Frameworks */ = {
			isa = PBXFrameworksBuildPhase;
			buildActionMask = 2147483647;
			files = (
			);
			runOnlyForDeploymentPostprocessing = 0;
		};
/* End PBXFrameworksBuildPhase section */

/* Begin PBXGroup section */
		0115080B1F3AA15000BD49A2 = {
			isa = PBXGroup;
			children = (
				01181466206CC0F300D69AA6 /* icon.png */,
				011508161F3AA15000BD49A2 /* medicinecounter */,
				011508151F3AA15000BD49A2 /* Products */,
			);
			sourceTree = "<group>";
		};
		011508151F3AA15000BD49A2 /* Products */ = {
			isa = PBXGroup;
			children = (
				011508141F3AA15000BD49A2 /* medicinecounter.app */,
				011508281F3AA15000BD49A2 /* medicinecounterTests.xctest */,
				011508331F3AA15000BD49A2 /* medicinecounterUITests.xctest */,
			);
			name = Products;
			sourceTree = "<group>";
		};
		011508161F3AA15000BD49A2 /* medicinecounter */ = {
			isa = PBXGroup;
			children = (
				0115081B1F3AA15000BD49A2 /* Main.storyboard */,
				011508201F3AA15000BD49A2 /* LaunchScreen.storyboard */,
				011508481F3ADEB300BD49A2 /* ListTableViewCell.xib */,
				011508471F3ADEB300BD49A2 /* ListTableViewCell.swift */,
				0115084B1F3AE15100BD49A2 /* ListTableViewController.swift */,
				0115084D1F3AE16600BD49A2 /* addViewController.swift */,
				011508171F3AA15000BD49A2 /* AppDelegate.swift */,
				0115081E1F3AA15000BD49A2 /* Assets.xcassets */,
				011508231F3AA15000BD49A2 /* Info.plist */,
				01A68EAC1F495FAC007A994F /* ListTableViewCell2.xib */,
				011508191F3AA15000BD49A2 /* ViewController.swift */,
				01A68EAB1F495FAC007A994F /* ListTableViewCell2.swift */,
				01A0747A1F51409700640ED2 /* View2Controller.swift */,
				016C41511F49661D00A3C711 /* List2TableViewController.swift */,
			);
			path = medicinecounter;
			sourceTree = "<group>";
		};
/* End PBXGroup section */

/* Begin PBXNativeTarget section */
		011508131F3AA15000BD49A2 /* medicinecounter */ = {
			isa = PBXNativeTarget;
			buildConfigurationList = 0115083C1F3AA15000BD49A2 /* Build configuration list for PBXNativeTarget "medicinecounter" */;
			buildPhases = (
				011508101F3AA15000BD49A2 /* Sources */,
				011508111F3AA15000BD49A2 /* Frameworks */,
				011508121F3AA15000BD49A2 /* Resources */,
			);
			buildRules = (
			);
			dependencies = (
			);
			name = medicinecounter;
			productName = medicinecounter;
			productReference = 011508141F3AA15000BD49A2 /* medicinecounter.app */;
			productType = "com.apple.product-type.application";
		};
		011508271F3AA15000BD49A2 /* medicinecounterTests */ = {
			isa = PBXNativeTarget;
			buildConfigurationList = 0115083F1F3AA15000BD49A2 /* Build configuration list for PBXNativeTarget "medicinecounterTests" */;
			buildPhases = (
				011508241F3AA15000BD49A2 /* Sources */,
				011508251F3AA15000BD49A2 /* Frameworks */,
				011508261F3AA15000BD49A2 /* Resources */,
			);
			buildRules = (
			);
			dependencies = (
				0115082A1F3AA15000BD49A2 /* PBXTargetDependency */,
			);
			name = medicinecounterTests;
			productName = medicinecounterTests;
			productReference = 011508281F3AA15000BD49A2 /* medicinecounterTests.xctest */;
			productType = "com.apple.product-type.bundle.unit-test";
		};
		011508321F3AA15000BD49A2 /* medicinecounterUITests */ = {
			isa = PBXNativeTarget;
			buildConfigurationList = 011508421F3AA15000BD49A2 /* Build configuration list for PBXNativeTarget "medicinecounterUITests" */;
			buildPhases = (
				0115082F1F3AA15000BD49A2 /* Sources */,
				011508301F3AA15000BD49A2 /* Frameworks */,
				011508311F3AA15000BD49A2 /* Resources */,
			);
			buildRules = (
			);
			dependencies = (
				011508351F3AA15000BD49A2 /* PBXTargetDependency */,
			);
			name = medicinecounterUITests;
			productName = medicinecounterUITests;
			productReference = 011508331F3AA15000BD49A2 /* medicinecounterUITests.xctest */;
			productType = "com.apple.product-type.bundle.ui-testing";
		};
/* End PBXNativeTarget section */

/* Begin PBXProject section */
		0115080C1F3AA15000BD49A2 /* Project object */ = {
			isa = PBXProject;
			attributes = {
				LastSwiftUpdateCheck = 0830;
				LastUpgradeCheck = 0830;
				ORGANIZATIONNAME = oharakazumasa;
				TargetAttributes = {
					011508131F3AA15000BD49A2 = {
						CreatedOnToolsVersion = 8.3.3;
						ProvisioningStyle = Automatic;
					};
					011508271F3AA15000BD49A2 = {
						CreatedOnToolsVersion = 8.3.3;
						ProvisioningStyle = Automatic;
						TestTargetID = 011508131F3AA15000BD49A2;
					};
					011508321F3AA15000BD49A2 = {
						CreatedOnToolsVersion = 8.3.3;
						ProvisioningStyle = Automatic;
						TestTargetID = 011508131F3AA15000BD49A2;
					};
				};
			};
			buildConfigurationList = 0115080F1F3AA15000BD49A2 /* Build configuration list for PBXProject "medicinecounter" */;
			compatibilityVersion = "Xcode 8.0";
			developmentRegion = en;
			hasScannedForEncodings = 0;
			knownRegions = (
				en,
				Base,
			);
			mainGroup = 0115080B1F3AA15000BD49A2;
			productRefGroup = 011508151F3AA15000BD49A2 /* Products */;
			projectDirPath = "";
			projectRoot = "";
			targets = (
				011508131F3AA15000BD49A2 /* medicinecounter */,
				011508271F3AA15000BD49A2 /* medicinecounterTests */,
				011508321F3AA15000BD49A2 /* medicinecounterUITests */,
			);
		};
/* End PBXProject section */

/* Begin PBXResourcesBuildPhase section */
		011508121F3AA15000BD49A2 /* Resources */ = {
			isa = PBXResourcesBuildPhase;
			buildActionMask = 2147483647;
			files = (
				011508221F3AA15000BD49A2 /* LaunchScreen.storyboard in Resources */,
				0115084A1F3ADEB300BD49A2 /* ListTableViewCell.xib in Resources */,
				01181467206CC0F300D69AA6 /* icon.png in Resources */,
				0115081F1F3AA15000BD49A2 /* Assets.xcassets in Resources */,
				01A68EAE1F495FAC007A994F /* ListTableViewCell2.xib in Resources */,
				0115081D1F3AA15000BD49A2 /* Main.storyboard in Resources */,
			);
			runOnlyForDeploymentPostprocessing = 0;
		};
		011508261F3AA15000BD49A2 /* Resources */ = {
			isa = PBXResourcesBuildPhase;
			buildActionMask = 2147483647;
			files = (
			);
			runOnlyForDeploymentPostprocessing = 0;
		};
		011508311F3AA15000BD49A2 /* Resources */ = {
			isa = PBXResourcesBuildPhase;
			buildActionMask = 2147483647;
			files = (
			);
			runOnlyForDeploymentPostprocessing = 0;
		};
/* End PBXResourcesBuildPhase section */

/* Begin PBXSourcesBuildPhase section */
		011508101F3AA15000BD49A2 /* Sources */ = {
			isa = PBXSourcesBuildPhase;
			buildActionMask = 2147483647;
			files = (
				01A68EAD1F495FAC007A994F /* ListTableViewCell2.swift in Sources */,
				0115081A1F3AA15000BD49A2 /* ViewController.swift in Sources */,
				011508181F3AA15000BD49A2 /* AppDelegate.swift in Sources */,
				011508491F3ADEB300BD49A2 /* ListTableViewCell.swift in Sources */,
				0115084E1F3AE16600BD49A2 /* addViewController.swift in Sources */,
				016C41521F49661D00A3C711 /* List2TableViewController.swift in Sources */,
				01A0747B1F51409700640ED2 /* View2Controller.swift in Sources */,
				0115084C1F3AE15100BD49A2 /* ListTableViewController.swift in Sources */,
			);
			runOnlyForDeploymentPostprocessing = 0;
		};
		011508241F3AA15000BD49A2 /* Sources */ = {
			isa = PBXSourcesBuildPhase;
			buildActionMask = 2147483647;
			files = (
			);
			runOnlyForDeploymentPostprocessing = 0;
		};
		0115082F1F3AA15000BD49A2 /* Sources */ = {
			isa = PBXSourcesBuildPhase;
			buildActionMask = 2147483647;
			files = (
			);
			runOnlyForDeploymentPostprocessing = 0;
		};
/* End PBXSourcesBuildPhase section */

/* Begin PBXTargetDependency section */
		0115082A1F3AA15000BD49A2 /* PBXTargetDependency */ = {
			isa = PBXTargetDependency;
			target = 011508131F3AA15000BD49A2 /* medicinecounter */;
			targetProxy = 011508291F3AA15000BD49A2 /* PBXContainerItemProxy */;
		};
		011508351F3AA15000BD49A2 /* PBXTargetDependency */ = {
			isa = PBXTargetDependency;
			target = 011508131F3AA15000BD49A2 /* medicinecounter */;
			targetProxy = 011508341F3AA15000BD49A2 /* PBXContainerItemProxy */;
		};
/* End PBXTargetDependency section */

/* Begin PBXVariantGroup section */
		0115081B1F3AA15000BD49A2 /* Main.storyboard */ = {
			isa = PBXVariantGroup;
			children = (
				0115081C1F3AA15000BD49A2 /* Base */,
			);
			name = Main.storyboard;
			sourceTree = "<group>";
		};
		011508201F3AA15000BD49A2 /* LaunchScreen.storyboard */ = {
			isa = PBXVariantGroup;
			children = (
				011508211F3AA15000BD49A2 /* Base */,
			);
			name = LaunchScreen.storyboard;
			sourceTree = "<group>";
		};
/* End PBXVariantGroup section */

/* Begin XCBuildConfiguration section */
		0115083A1F3AA15000BD49A2 /* Debug */ = {
			isa = XCBuildConfiguration;
			buildSettings = {
				ALWAYS_SEARCH_USER_PATHS = NO;
				CLANG_ANALYZER_NONNULL = YES;
				CLANG_ANALYZER_NUMBER_OBJECT_CONVERSION = YES_AGGRESSIVE;
				CLANG_CXX_LANGUAGE_STANDARD = "gnu++0x";
				CLANG_CXX_LIBRARY = "libc++";
				CLANG_ENABLE_MODULES = YES;
				CLANG_ENABLE_OBJC_ARC = YES;
				CLANG_WARN_BOOL_CONVERSION = YES;
				CLANG_WARN_CONSTANT_CONVERSION = YES;
				CLANG_WARN_DIRECT_OBJC_ISA_USAGE = YES_ERROR;
				CLANG_WARN_DOCUMENTATION_COMMENTS = YES;
				CLANG_WARN_EMPTY_BODY = YES;
				CLANG_WARN_ENUM_CONVERSION = YES;
				CLANG_WARN_INFINITE_RECURSION = YES;
				CLANG_WARN_INT_CONVERSION = YES;
				CLANG_WARN_OBJC_ROOT_CLASS = YES_ERROR;
				CLANG_WARN_SUSPICIOUS_MOVE = YES;
				CLANG_WARN_UNREACHABLE_CODE = YES;
				CLANG_WARN__DUPLICATE_METHOD_MATCH = YES;
				"CODE_SIGN_IDENTITY[sdk=iphoneos*]" = "iPhone Developer";
				COPY_PHASE_STRIP = NO;
				DEBUG_INFORMATION_FORMAT = dwarf;
				ENABLE_STRICT_OBJC_MSGSEND = YES;
				ENABLE_TESTABILITY = YES;
				GCC_C_LANGUAGE_STANDARD = gnu99;
				GCC_DYNAMIC_NO_PIC = NO;
				GCC_NO_COMMON_BLOCKS = YES;
				GCC_OPTIMIZATION_LEVEL = 0;
				GCC_PREPROCESSOR_DEFINITIONS = (
					"DEBUG=1",
					"$(inherited)",
				);
				GCC_WARN_64_TO_32_BIT_CONVERSION = YES;
				GCC_WARN_ABOUT_RETURN_TYPE = YES_ERROR;
				GCC_WARN_UNDECLARED_SELECTOR = YES;
				GCC_WARN_UNINITIALIZED_AUTOS = YES_AGGRESSIVE;
				GCC_WARN_UNUSED_FUNCTION = YES;
				GCC_WARN_UNUSED_VARIABLE = YES;
				IPHONEOS_DEPLOYMENT_TARGET = 12.2;
				MTL_ENABLE_DEBUG_INFO = YES;
				ONLY_ACTIVE_ARCH = YES;
				SDKROOT = iphoneos;
				SWIFT_ACTIVE_COMPILATION_CONDITIONS = DEBUG;
				SWIFT_OPTIMIZATION_LEVEL = "-Onone";
				SWIFT_VERSION = "";
			};
			name = Debug;
		};
		0115083B1F3AA15000BD49A2 /* Release */ = {
			isa = XCBuildConfiguration;
			buildSettings = {
				ALWAYS_SEARCH_USER_PATHS = NO;
				CLANG_ANALYZER_NONNULL = YES;
				CLANG_ANALYZER_NUMBER_OBJECT_CONVERSION = YES_AGGRESSIVE;
				CLANG_CXX_LANGUAGE_STANDARD = "gnu++0x";
				CLANG_CXX_LIBRARY = "libc++";
				CLANG_ENABLE_MODULES = YES;
				CLANG_ENABLE_OBJC_ARC = YES;
				CLANG_WARN_BOOL_CONVERSION = YES;
				CLANG_WARN_CONSTANT_CONVERSION = YES;
				CLANG_WARN_DIRECT_OBJC_ISA_USAGE = YES_ERROR;
				CLANG_WARN_DOCUMENTATION_COMMENTS = YES;
				CLANG_WARN_EMPTY_BODY = YES;
				CLANG_WARN_ENUM_CONVERSION = YES;
				CLANG_WARN_INFINITE_RECURSION = YES;
				CLANG_WARN_INT_CONVERSION = YES;
				CLANG_WARN_OBJC_ROOT_CLASS = YES_ERROR;
				CLANG_WARN_SUSPICIOUS_MOVE = YES;
				CLANG_WARN_UNREACHABLE_CODE = YES;
				CLANG_WARN__DUPLICATE_METHOD_MATCH = YES;
				"CODE_SIGN_IDENTITY[sdk=iphoneos*]" = "iPhone Developer";
				COPY_PHASE_STRIP = NO;
				DEBUG_INFORMATION_FORMAT = "dwarf-with-dsym";
				ENABLE_NS_ASSERTIONS = NO;
				ENABLE_STRICT_OBJC_MSGSEND = YES;
				GCC_C_LANGUAGE_STANDARD = gnu99;
				GCC_NO_COMMON_BLOCKS = YES;
				GCC_WARN_64_TO_32_BIT_CONVERSION = YES;
				GCC_WARN_ABOUT_RETURN_TYPE = YES_ERROR;
				GCC_WARN_UNDECLARED_SELECTOR = YES;
				GCC_WARN_UNINITIALIZED_AUTOS = YES_AGGRESSIVE;
				GCC_WARN_UNUSED_FUNCTION = YES;
				GCC_WARN_UNUSED_VARIABLE = YES;
				IPHONEOS_DEPLOYMENT_TARGET = 12.2;
				MTL_ENABLE_DEBUG_INFO = NO;
				SDKROOT = iphoneos;
				SWIFT_OPTIMIZATION_LEVEL = "-Owholemodule";
				SWIFT_VERSION = "";
				VALIDATE_PRODUCT = YES;
			};
			name = Release;
		};
		0115083D1F3AA15000BD49A2 /* Debug */ = {
			isa = XCBuildConfiguration;
			buildSettings = {
				ASSETCATALOG_COMPILER_APPICON_NAME = AppIcon;
				DEVELOPMENT_TEAM = 3QTY9LA6S9;
				INFOPLIST_FILE = medicinecounter/Info.plist;
				IPHONEOS_DEPLOYMENT_TARGET = 11.3;
				LD_RUNPATH_SEARCH_PATHS = "$(inherited) @executable_path/Frameworks";
				PRODUCT_BUNDLE_IDENTIFIER = "com.litech-kazuma.medicinecounter";
				PRODUCT_NAME = "$(TARGET_NAME)";
				SWIFT_VERSION = 3.0;
			};
			name = Debug;
		};
		0115083E1F3AA15000BD49A2 /* Release */ = {
			isa = XCBuildConfiguration;
			buildSettings = {
				ASSETCATALOG_COMPILER_APPICON_NAME = AppIcon;
				DEVELOPMENT_TEAM = 3QTY9LA6S9;
				INFOPLIST_FILE = medicinecounter/Info.plist;
				IPHONEOS_DEPLOYMENT_TARGET = 11.3;
				LD_RUNPATH_SEARCH_PATHS = "$(inherited) @executable_path/Frameworks";
				PRODUCT_BUNDLE_IDENTIFIER = "com.litech-kazuma.medicinecounter";
				PRODUCT_NAME = "$(TARGET_NAME)";
				SWIFT_VERSION = 3.0;
			};
			name = Release;
		};
		011508401F3AA15000BD49A2 /* Debug */ = {
			isa = XCBuildConfiguration;
			buildSettings = {
				ALWAYS_EMBED_SWIFT_STANDARD_LIBRARIES = YES;
				BUNDLE_LOADER = "$(TEST_HOST)";
				DEVELOPMENT_TEAM = 3QTY9LA6S9;
				INFOPLIST_FILE = medicinecounterTests/Info.plist;
				LD_RUNPATH_SEARCH_PATHS = "$(inherited) @executable_path/Frameworks @loader_path/Frameworks";
				PRODUCT_BUNDLE_IDENTIFIER = "com.litech-kazuma.medicinecounterTests";
				PRODUCT_NAME = "$(TARGET_NAME)";
				SWIFT_VERSION = 3.0;
				TEST_HOST = "$(BUILT_PRODUCTS_DIR)/medicinecounter.app/medicinecounter";
			};
			name = Debug;
		};
		011508411F3AA15000BD49A2 /* Release */ = {
			isa = XCBuildConfiguration;
			buildSettings = {
				ALWAYS_EMBED_SWIFT_STANDARD_LIBRARIES = YES;
				BUNDLE_LOADER = "$(TEST_HOST)";
				DEVELOPMENT_TEAM = 3QTY9LA6S9;
				INFOPLIST_FILE = medicinecounterTests/Info.plist;
				LD_RUNPATH_SEARCH_PATHS = "$(inherited) @executable_path/Frameworks @loader_path/Frameworks";
				PRODUCT_BUNDLE_IDENTIFIER = "com.litech-kazuma.medicinecounterTests";
				PRODUCT_NAME = "$(TARGET_NAME)";
				SWIFT_VERSION = 3.0;
				TEST_HOST = "$(BUILT_PRODUCTS_DIR)/medicinecounter.app/medicinecounter";
			};
			name = Release;
		};
		011508431F3AA15000BD49A2 /* Debug */ = {
			isa = XCBuildConfiguration;
			buildSettings = {
				ALWAYS_EMBED_SWIFT_STANDARD_LIBRARIES = YES;
				DEVELOPMENT_TEAM = 3QTY9LA6S9;
				INFOPLIST_FILE = medicinecounterUITests/Info.plist;
				LD_RUNPATH_SEARCH_PATHS = "$(inherited) @executable_path/Frameworks @loader_path/Frameworks";
				PRODUCT_BUNDLE_IDENTIFIER = "com.litech-kazuma.medicinecounterUITests";
				PRODUCT_NAME = "$(TARGET_NAME)";
				SWIFT_VERSION = 3.0;
				TEST_TARGET_NAME = medicinecounter;
			};
			name = Debug;
		};
		011508441F3AA15000BD49A2 /* Release */ = {
			isa = XCBuildConfiguration;
			buildSettings = {
				ALWAYS_EMBED_SWIFT_STANDARD_LIBRARIES = YES;
				DEVELOPMENT_TEAM = 3QTY9LA6S9;
				INFOPLIST_FILE = medicinecounterUITests/Info.plist;
				LD_RUNPATH_SEARCH_PATHS = "$(inherited) @executable_path/Frameworks @loader_path/Frameworks";
				PRODUCT_BUNDLE_IDENTIFIER = "com.litech-kazuma.medicinecounterUITests";
				PRODUCT_NAME = "$(TARGET_NAME)";
				SWIFT_VERSION = 3.0;
				TEST_TARGET_NAME = medicinecounter;
			};
			name = Release;
		};
/* End XCBuildConfiguration section */

/* Begin XCConfigurationList section */
		0115080F1F3AA15000BD49A2 /* Build configuration list for PBXProject "medicinecounter" */ = {
			isa = XCConfigurationList;
			buildConfigurations = (
				0115083A1F3AA15000BD49A2 /* Debug */,
				0115083B1F3AA15000BD49A2 /* Release */,
			);
			defaultConfigurationIsVisible = 0;
			defaultConfigurationName = Release;
		};
		0115083C1F3AA15000BD49A2 /* Build configuration list for PBXNativeTarget "medicinecounter" */ = {
			isa = XCConfigurationList;
			buildConfigurations = (
				0115083D1F3AA15000BD49A2 /* Debug */,
				0115083E1F3AA15000BD49A2 /* Release */,
			);
			defaultConfigurationIsVisible = 0;
			defaultConfigurationName = Release;
		};
		0115083F1F3AA15000BD49A2 /* Build configuration list for PBXNativeTarget "medicinecounterTests" */ = {
			isa = XCConfigurationList;
			buildConfigurations = (
				011508401F3AA15000BD49A2 /* Debug */,
				011508411F3AA15000BD49A2 /* Release */,
			);
			defaultConfigurationIsVisible = 0;
			defaultConfigurationName = Release;
		};
		011508421F3AA15000BD49A2 /* Build configuration list for PBXNativeTarget "medicinecounterUITests" */ = {
			isa = XCConfigurationList;
			buildConfigurations = (
				011508431F3AA15000BD49A2 /* Debug */,
				011508441F3AA15000BD49A2 /* Release */,
			);
			defaultConfigurationIsVisible = 0;
			defaultConfigurationName = Release;
		};
/* End XCConfigurationList section */
	};
	rootObject = 0115080C1F3AA15000BD49A2 /* Project object */;
}
